
Microsoft Visual Studio Solution File, Format Version 12.00
# Visual Studio Version 16
VisualStudioVersion = 25.0.1703.6
MinimumVisualStudioVersion = 10.0.40219.1
Project("{FAE04EC0-301F-11D3-BF4B-00C04F79EFBC}") = "FurBabies.Android", "FurBabies\FurBabies.Android\FurBabies.Android.csproj", "{E586DFD0-3D49-4905-A94C-473046E6CA9E}"
EndProject
Project("{FAE04EC0-301F-11D3-BF4B-00C04F79EFBC}") = "FurBabies.iOS", "FurBabies\FurBabies.iOS\FurBabies.iOS.csproj", "{2223ECDE-6B0D-4F16-B595-557D51825858}"
EndProject
Project("{FAE04EC0-301F-11D3-BF4B-00C04F79EFBC}") = "FurBabies", "FurBabies\FurBabies\FurBabies.csproj", "{A0959E7B-4EAB-4DC1-B00C-5BDD7757440D}"
EndProject
Global
	GlobalSection(SolutionConfigurationPlatforms) = preSolution
		Debug|Any CPU = Debug|Any CPU
		Release|Any CPU = Release|Any CPU
		Debug|iPhoneSimulator = Debug|iPhoneSimulator
		Release|iPhoneSimulator = Release|iPhoneSimulator
		Debug|iPhone = Debug|iPhone
		Release|iPhone = Release|iPhone
	EndGlobalSection
	GlobalSection(ProjectConfigurationPlatforms) = postSolution
		{E586DFD0-3D49-4905-A94C-473046E6CA9E}.Debug|Any CPU.ActiveCfg = Debug|Any CPU
		{E586DFD0-3D49-4905-A94C-473046E6CA9E}.Debug|Any CPU.Build.0 = Debug|Any CPU
		{E586DFD0-3D49-4905-A94C-473046E6CA9E}.Release|Any CPU.ActiveCfg = Release|Any CPU
		{E586DFD0-3D49-4905-A94C-473046E6CA9E}.Release|Any CPU.Build.0 = Release|Any CPU
		{E586DFD0-3D49-4905-A94C-473046E6CA9E}.Debug|iPhoneSimulator.ActiveCfg = Debug|Any CPU
		{E586DFD0-3D49-4905-A94C-473046E6CA9E}.Debug|iPhoneSimulator.Build.0 = Debug|Any CPU
		{E586DFD0-3D49-4905-A94C-473046E6CA9E}.Release|iPhoneSimulator.ActiveCfg = Release|Any CPU
		{E586DFD0-3D49-4905-A94C-473046E6CA9E}.Release|iPhoneSimulator.Build.0 = Release|Any CPU
		{E586DFD0-3D49-4905-A94C-473046E6CA9E}.Debug|iPhone.ActiveCfg = Debug|Any CPU
		{E586DFD0-3D49-4905-A94C-473046E6CA9E}.Debug|iPhone.Build.0 = Debug|Any CPU
		{E586DFD0-3D49-4905-A94C-473046E6CA9E}.Release|iPhone.ActiveCfg = Release|Any CPU
		{E586DFD0-3D49-4905-A94C-473046E6CA9E}.Release|iPhone.Build.0 = Release|Any CPU
		{2223ECDE-6B0D-4F16-B595-557D51825858}.Debug|Any CPU.ActiveCfg = Debug|iPhoneSimulator
		{2223ECDE-6B0D-4F16-B595-557D51825858}.Debug|Any CPU.Build.0 = Debug|iPhoneSimulator
		{2223ECDE-6B0D-4F16-B595-557D51825858}.Release|Any CPU.ActiveCfg = Release|iPhoneSimulator
		{2223ECDE-6B0D-4F16-B595-557D51825858}.Release|Any CPU.Build.0 = Release|iPhoneSimulator
		{2223ECDE-6B0D-4F16-B595-557D51825858}.Debug|iPhoneSimulator.ActiveCfg = Debug|iPhoneSimulator
		{2223ECDE-6B0D-4F16-B595-557D51825858}.Debug|iPhoneSimulator.Build.0 = Debug|iPhoneSimulator
		{2223ECDE-6B0D-4F16-B595-557D51825858}.Release|iPhoneSimulator.ActiveCfg = Release|iPhoneSimulator
		{2223ECDE-6B0D-4F16-B595-557D51825858}.Release|iPhoneSimulator.Build.0 = Release|iPhoneSimulator
		{2223ECDE-6B0D-4F16-B595-557D51825858}.Debug|iPhone.ActiveCfg = Debug|iPhone
		{2223ECDE-6B0D-4F16-B595-557D51825858}.Debug|iPhone.Build.0 = Debug|iPhone
		{2223ECDE-6B0D-4F16-B595-557D51825858}.Release|iPhone.ActiveCfg = Release|iPhone
		{2223ECDE-6B0D-4F16-B595-557D51825858}.Release|iPhone.Build.0 = Release|iPhone
		{A0959E7B-4EAB-4DC1-B00C-5BDD7757440D}.Debug|Any CPU.ActiveCfg = Debug|Any CPU
		{A0959E7B-4EAB-4DC1-B00C-5BDD7757440D}.Debug|Any CPU.Build.0 = Debug|Any CPU
		{A0959E7B-4EAB-4DC1-B00C-5BDD7757440D}.Release|Any CPU.ActiveCfg = Release|Any CPU
		{A0959E7B-4EAB-4DC1-B00C-5BDD7757440D}.Release|Any CPU.Build.0 = Release|Any CPU
		{A0959E7B-4EAB-4DC1-B00C-5BDD7757440D}.Debug|iPhoneSimulator.ActiveCfg = Debug|Any CPU
		{A0959E7B-4EAB-4DC1-B00C-5BDD7757440D}.Debug|iPhoneSimulator.Build.0 = Debug|Any CPU
		{A0959E7B-4EAB-4DC1-B00C-5BDD7757440D}.Release|iPhoneSimulator.ActiveCfg = Release|Any CPU
		{A0959E7B-4EAB-4DC1-B00C-5BDD7757440D}.Release|iPhoneSimulator.Build.0 = Release|Any CPU
		{A0959E7B-4EAB-4DC1-B00C-5BDD7757440D}.Debug|iPhone.ActiveCfg = Debug|Any CPU
		{A0959E7B-4EAB-4DC1-B00C-5BDD7757440D}.Debug|iPhone.Build.0 = Debug|Any CPU
		{A0959E7B-4EAB-4DC1-B00C-5BDD7757440D}.Release|iPhone.ActiveCfg = Release|Any CPU
		{A0959E7B-4EAB-4DC1-B00C-5BDD7757440D}.Release|iPhone.Build.0 = Release|Any CPU
	EndGlobalSection
	GlobalSection(SolutionProperties) = preSolution
		HideSolutionNode = FALSE
	EndGlobalSection
	GlobalSection(ExtensibilityGlobals) = postSolution
		SolutionGuid = {9DD58700-89F4-40B1-8E02-F9C31DCD48E0}
	EndGlobalSection
EndGlobal
